
Microsoft Visual Studio Solution File, Format Version 12.00
Project("{FAE04EC0-301F-11D3-BF4B-00C04F79EFBC}") = "AutoRepayment", "AutoRepayment\AutoRepayment.csproj", "{8AEA6EAA-B832-473A-B133-5587C97AA612}"
EndProject
Global
	GlobalSection(SolutionConfigurationPlatforms) = preSolution
		Debug|Any CPU = Debug|Any CPU
		Release|Any CPU = Release|Any CPU
	EndGlobalSection
	GlobalSection(ProjectConfigurationPlatforms) = postSolution
		{8AEA6EAA-B832-473A-B133-5587C97AA612}.Debug|Any CPU.ActiveCfg = Debug|Any CPU
		{8AEA6EAA-B832-473A-B133-5587C97AA612}.Debug|Any CPU.Build.0 = Debug|Any CPU
		{8AEA6EAA-B832-473A-B133-5587C97AA612}.Release|Any CPU.ActiveCfg = Release|Any CPU
		{8AEA6EAA-B832-473A-B133-5587C97AA612}.Release|Any CPU.Build.0 = Release|Any CPU
	EndGlobalSection
EndGlobal
